
Microsoft Visual Studio Solution File, Format Version 12.00
# Visual Studio Version 16
VisualStudioVersion = 25.0.1706.3
MinimumVisualStudioVersion = 10.0.40219.1
Project("{FAE04EC0-301F-11D3-BF4B-00C04F79EFBC}") = "PropertyAPI", "PropertyAPI.csproj", "{ABDB5ABD-C12D-4441-86F5-46576EC0C41D}"
EndProject
Global
	GlobalSection(SolutionConfigurationPlatforms) = preSolution
		Debug|Any CPU = Debug|Any CPU
		Release|Any CPU = Release|Any CPU
	EndGlobalSection
	GlobalSection(ProjectConfigurationPlatforms) = postSolution
		{ABDB5ABD-C12D-4441-86F5-46576EC0C41D}.Debug|Any CPU.ActiveCfg = Debug|Any CPU
		{ABDB5ABD-C12D-4441-86F5-46576EC0C41D}.Debug|Any CPU.Build.0 = Debug|Any CPU
		{ABDB5ABD-C12D-4441-86F5-46576EC0C41D}.Release|Any CPU.ActiveCfg = Release|Any CPU
		{ABDB5ABD-C12D-4441-86F5-46576EC0C41D}.Release|Any CPU.Build.0 = Release|Any CPU
	EndGlobalSection
	GlobalSection(SolutionProperties) = preSolution
		HideSolutionNode = FALSE
	EndGlobalSection
	GlobalSection(ExtensibilityGlobals) = postSolution
		SolutionGuid = {F4378988-40EC-4806-B70B-898269F2A729}
	EndGlobalSection
EndGlobal
